
Microsoft Visual Studio Solution File, Format Version 12.00
# Visual Studio Version 16
VisualStudioVersion = 16.0.31205.134
MinimumVisualStudioVersion = 10.0.40219.1
Project("{FAE04EC0-301F-11D3-BF4B-00C04F79EFBC}") = "Project", "Project.csproj", "{49C7F5AA-E297-4401-AB83-3F7526884C7D}"
EndProject
Global
	GlobalSection(SolutionConfigurationPlatforms) = preSolution
		Debug|Any CPU = Debug|Any CPU
		Release|Any CPU = Release|Any CPU
	EndGlobalSection
	GlobalSection(ProjectConfigurationPlatforms) = postSolution
		{49C7F5AA-E297-4401-AB83-3F7526884C7D}.Debug|Any CPU.ActiveCfg = Debug|Any CPU
		{49C7F5AA-E297-4401-AB83-3F7526884C7D}.Debug|Any CPU.Build.0 = Debug|Any CPU
		{49C7F5AA-E297-4401-AB83-3F7526884C7D}.Release|Any CPU.ActiveCfg = Release|Any CPU
		{49C7F5AA-E297-4401-AB83-3F7526884C7D}.Release|Any CPU.Build.0 = Release|Any CPU
	EndGlobalSection
	GlobalSection(SolutionProperties) = preSolution
		HideSolutionNode = FALSE
	EndGlobalSection
	GlobalSection(ExtensibilityGlobals) = postSolution
		SolutionGuid = {2962FFC5-D630-46D4-B3AF-518D7DF9B68F}
	EndGlobalSection
EndGlobal
